
Microsoft Visual Studio Solution File, Format Version 12.00
# Visual Studio 15
Project("{FAE04EC0-301F-11D3-BF4B-00C04F79EFBC}") = "Zenject", "Zenject.csproj", "{1EA3845E-D608-1F68-C4D8-C03DE60CB74A}"
EndProject
Project("{FAE04EC0-301F-11D3-BF4B-00C04F79EFBC}") = "PlayFab", "PlayFab.csproj", "{5F3707C5-75EC-AE9B-DC65-DD33BAE40A80}"
EndProject
Project("{FAE04EC0-301F-11D3-BF4B-00C04F79EFBC}") = "CC", "CC.csproj", "{5ACAAB1E-4521-FD8E-732B-EA3AA7BB43DB}"
EndProject
Project("{FAE04EC0-301F-11D3-BF4B-00C04F79EFBC}") = "Tools", "Tools.csproj", "{9A2CE7F4-87FB-85EC-C53B-62F2DF0C40D1}"
EndProject
Project("{FAE04EC0-301F-11D3-BF4B-00C04F79EFBC}") = "Middleware", "Middleware.csproj", "{D1C0151E-2F81-F5A4-33EF-216C39DA15AE}"
EndProject
Project("{FAE04EC0-301F-11D3-BF4B-00C04F79EFBC}") = "Zenject-PoolMonitor-Editor", "Zenject-PoolMonitor-Editor.csproj", "{9973FA84-0DC7-ED58-7C5E-F2A8ADBD4E9F}"
EndProject
Project("{FAE04EC0-301F-11D3-BF4B-00C04F79EFBC}") = "PlayFabEditorExtensions", "PlayFabEditorExtensions.csproj", "{714DBF9C-0B08-0B9D-7D93-B70B91545892}"
EndProject
Project("{FAE04EC0-301F-11D3-BF4B-00C04F79EFBC}") = "PlayFabTestingEditor", "PlayFabTestingEditor.csproj", "{4B42F30D-889E-5AAC-94E9-8A374A253EF4}"
EndProject
Project("{FAE04EC0-301F-11D3-BF4B-00C04F79EFBC}") = "Zenject-ReflectionBaking-Editor", "Zenject-ReflectionBaking-Editor.csproj", "{9E7679BA-0F38-B9E7-4E94-C75E436B4C8C}"
EndProject
Project("{FAE04EC0-301F-11D3-BF4B-00C04F79EFBC}") = "Zenject-Editor", "Zenject-Editor.csproj", "{5F995E1B-7DD9-3718-6C63-65F7D9F68C8D}"
EndProject
Project("{FAE04EC0-301F-11D3-BF4B-00C04F79EFBC}") = "Zenject-TestFramework", "Zenject-TestFramework.csproj", "{B32B1D67-BA23-CED0-6936-4BA904DF184E}"
EndProject
Project("{FAE04EC0-301F-11D3-BF4B-00C04F79EFBC}") = "PlayFabSDKEditor", "PlayFabSDKEditor.csproj", "{A08D3F94-F487-C339-4F76-CCBCB794A89D}"
EndProject
Global
	GlobalSection(SolutionConfigurationPlatforms) = preSolution
		Debug|Any CPU = Debug|Any CPU
		Release|Any CPU = Release|Any CPU
	EndGlobalSection
	GlobalSection(ProjectConfigurationPlatforms) = postSolution
		{1EA3845E-D608-1F68-C4D8-C03DE60CB74A}.Debug|Any CPU.ActiveCfg = Debug|Any CPU
		{1EA3845E-D608-1F68-C4D8-C03DE60CB74A}.Debug|Any CPU.Build.0 = Debug|Any CPU
		{1EA3845E-D608-1F68-C4D8-C03DE60CB74A}.Release|Any CPU.ActiveCfg = Release|Any CPU
		{1EA3845E-D608-1F68-C4D8-C03DE60CB74A}.Release|Any CPU.Build.0 = Release|Any CPU
		{5F3707C5-75EC-AE9B-DC65-DD33BAE40A80}.Debug|Any CPU.ActiveCfg = Debug|Any CPU
		{5F3707C5-75EC-AE9B-DC65-DD33BAE40A80}.Debug|Any CPU.Build.0 = Debug|Any CPU
		{5F3707C5-75EC-AE9B-DC65-DD33BAE40A80}.Release|Any CPU.ActiveCfg = Release|Any CPU
		{5F3707C5-75EC-AE9B-DC65-DD33BAE40A80}.Release|Any CPU.Build.0 = Release|Any CPU
		{5ACAAB1E-4521-FD8E-732B-EA3AA7BB43DB}.Debug|Any CPU.ActiveCfg = Debug|Any CPU
		{5ACAAB1E-4521-FD8E-732B-EA3AA7BB43DB}.Debug|Any CPU.Build.0 = Debug|Any CPU
		{5ACAAB1E-4521-FD8E-732B-EA3AA7BB43DB}.Release|Any CPU.ActiveCfg = Release|Any CPU
		{5ACAAB1E-4521-FD8E-732B-EA3AA7BB43DB}.Release|Any CPU.Build.0 = Release|Any CPU
		{9A2CE7F4-87FB-85EC-C53B-62F2DF0C40D1}.Debug|Any CPU.ActiveCfg = Debug|Any CPU
		{9A2CE7F4-87FB-85EC-C53B-62F2DF0C40D1}.Debug|Any CPU.Build.0 = Debug|Any CPU
		{9A2CE7F4-87FB-85EC-C53B-62F2DF0C40D1}.Release|Any CPU.ActiveCfg = Release|Any CPU
		{9A2CE7F4-87FB-85EC-C53B-62F2DF0C40D1}.Release|Any CPU.Build.0 = Release|Any CPU
		{D1C0151E-2F81-F5A4-33EF-216C39DA15AE}.Debug|Any CPU.ActiveCfg = Debug|Any CPU
		{D1C0151E-2F81-F5A4-33EF-216C39DA15AE}.Debug|Any CPU.Build.0 = Debug|Any CPU
		{D1C0151E-2F81-F5A4-33EF-216C39DA15AE}.Release|Any CPU.ActiveCfg = Release|Any CPU
		{D1C0151E-2F81-F5A4-33EF-216C39DA15AE}.Release|Any CPU.Build.0 = Release|Any CPU
		{9973FA84-0DC7-ED58-7C5E-F2A8ADBD4E9F}.Debug|Any CPU.ActiveCfg = Debug|Any CPU
		{9973FA84-0DC7-ED58-7C5E-F2A8ADBD4E9F}.Debug|Any CPU.Build.0 = Debug|Any CPU
		{9973FA84-0DC7-ED58-7C5E-F2A8ADBD4E9F}.Release|Any CPU.ActiveCfg = Release|Any CPU
		{9973FA84-0DC7-ED58-7C5E-F2A8ADBD4E9F}.Release|Any CPU.Build.0 = Release|Any CPU
		{714DBF9C-0B08-0B9D-7D93-B70B91545892}.Debug|Any CPU.ActiveCfg = Debug|Any CPU
		{714DBF9C-0B08-0B9D-7D93-B70B91545892}.Debug|Any CPU.Build.0 = Debug|Any CPU
		{714DBF9C-0B08-0B9D-7D93-B70B91545892}.Release|Any CPU.ActiveCfg = Release|Any CPU
		{714DBF9C-0B08-0B9D-7D93-B70B91545892}.Release|Any CPU.Build.0 = Release|Any CPU
		{4B42F30D-889E-5AAC-94E9-8A374A253EF4}.Debug|Any CPU.ActiveCfg = Debug|Any CPU
		{4B42F30D-889E-5AAC-94E9-8A374A253EF4}.Debug|Any CPU.Build.0 = Debug|Any CPU
		{4B42F30D-889E-5AAC-94E9-8A374A253EF4}.Release|Any CPU.ActiveCfg = Release|Any CPU
		{4B42F30D-889E-5AAC-94E9-8A374A253EF4}.Release|Any CPU.Build.0 = Release|Any CPU
		{9E7679BA-0F38-B9E7-4E94-C75E436B4C8C}.Debug|Any CPU.ActiveCfg = Debug|Any CPU
		{9E7679BA-0F38-B9E7-4E94-C75E436B4C8C}.Debug|Any CPU.Build.0 = Debug|Any CPU
		{9E7679BA-0F38-B9E7-4E94-C75E436B4C8C}.Release|Any CPU.ActiveCfg = Release|Any CPU
		{9E7679BA-0F38-B9E7-4E94-C75E436B4C8C}.Release|Any CPU.Build.0 = Release|Any CPU
		{5F995E1B-7DD9-3718-6C63-65F7D9F68C8D}.Debug|Any CPU.ActiveCfg = Debug|Any CPU
		{5F995E1B-7DD9-3718-6C63-65F7D9F68C8D}.Debug|Any CPU.Build.0 = Debug|Any CPU
		{5F995E1B-7DD9-3718-6C63-65F7D9F68C8D}.Release|Any CPU.ActiveCfg = Release|Any CPU
		{5F995E1B-7DD9-3718-6C63-65F7D9F68C8D}.Release|Any CPU.Build.0 = Release|Any CPU
		{B32B1D67-BA23-CED0-6936-4BA904DF184E}.Debug|Any CPU.ActiveCfg = Debug|Any CPU
		{B32B1D67-BA23-CED0-6936-4BA904DF184E}.Debug|Any CPU.Build.0 = Debug|Any CPU
		{B32B1D67-BA23-CED0-6936-4BA904DF184E}.Release|Any CPU.ActiveCfg = Release|Any CPU
		{B32B1D67-BA23-CED0-6936-4BA904DF184E}.Release|Any CPU.Build.0 = Release|Any CPU
		{A08D3F94-F487-C339-4F76-CCBCB794A89D}.Debug|Any CPU.ActiveCfg = Debug|Any CPU
		{A08D3F94-F487-C339-4F76-CCBCB794A89D}.Debug|Any CPU.Build.0 = Debug|Any CPU
		{A08D3F94-F487-C339-4F76-CCBCB794A89D}.Release|Any CPU.ActiveCfg = Release|Any CPU
		{A08D3F94-F487-C339-4F76-CCBCB794A89D}.Release|Any CPU.Build.0 = Release|Any CPU
	EndGlobalSection
	GlobalSection(SolutionProperties) = preSolution
		HideSolutionNode = FALSE
	EndGlobalSection
EndGlobal
